# THIS IS AN AUTOGENERATED FILE. DO NOT EDIT THIS FILE DIRECTLY.
# yarn lockfile v1


is-js@^0.1.1:
  version "0.1.1"
  resolved "https://registry.yarnpkg.com/is-js/-/is-js-0.1.1.tgz#dfe498e487cd715bf6ce3ccdabf3c01eec37dc2c"
  integrity sha512-7K0ly9j7v2I2q8osgQtwyRGNCLi0XfVwTrfMwnKrH9qbqxp/wfZhSf1YHajbmtkyyFFdx5Fv+hVna/yq9QbJfg==

kicad-netlist-to-json@^0.0.9:
  version "0.0.9"
  resolved "https://registry.yarnpkg.com/kicad-netlist-to-json/-/kicad-netlist-to-json-0.0.9.tgz#b922bfd15c0f23b762b9d5b0b966a538c3533240"
  integrity sha512-NtH9BZWXdwDMxZ9wCeY4bgYHQ3LC6PH1ozKOEFcDU/qPz1XamRt6sj4Y9I6EYsEUFWB+Vwu/7lks9mpM3Swc3g==
  dependencies:
    is-js "^0.1.1"
    ramda "^0.13.0"
    s-expression "^3.0.1"

ramda@^0.13.0:
  version "0.13.0"
  resolved "https://registry.yarnpkg.com/ramda/-/ramda-0.13.0.tgz#2fdca73238677c82fd75afa9191b1a747343a36c"
  integrity sha512-0pPW3DbA9UddJNBbFHgH6k+jZUh1xK3+h7FqD+iUwZpv1oXXFkm7+EXfgXBH9I+tqBea5cmo3kRZrjkEwzJlgw==

s-expression@^3.0.1:
  version "3.1.1"
  resolved "https://registry.yarnpkg.com/s-expression/-/s-expression-3.1.1.tgz#1b385367bb4332acdfb951d4675fb75e8358c945"
  integrity sha512-VMsW7sIvixXfIDmDll7XCePMYYY52UlUtA7OlFQUovqj3XtQ2UkZkjjAvnSFW8o+SbswzUEeCBMmpAx9LS3qrg==
